
Microsoft Visual Studio Solution File, Format Version 12.00
# Visual Studio Version 17
VisualStudioVersion = 17.8.34330.188
MinimumVisualStudioVersion = 10.0.40219.1
Project("{FAE04EC0-301F-11D3-BF4B-00C04F79EFBC}") = "ProjectWin(Demo)", "ProjectWin(Demo)\ProjectWin(Demo).csproj", "{887F4AC4-6198-408E-AC81-6CEED6D8E546}"
EndProject
Global
	GlobalSection(SolutionConfigurationPlatforms) = preSolution
		Debug|Any CPU = Debug|Any CPU
		Release|Any CPU = Release|Any CPU
	EndGlobalSection
	GlobalSection(ProjectConfigurationPlatforms) = postSolution
		{887F4AC4-6198-408E-AC81-6CEED6D8E546}.Debug|Any CPU.ActiveCfg = Debug|Any CPU
		{887F4AC4-6198-408E-AC81-6CEED6D8E546}.Debug|Any CPU.Build.0 = Debug|Any CPU
		{887F4AC4-6198-408E-AC81-6CEED6D8E546}.Release|Any CPU.ActiveCfg = Release|Any CPU
		{887F4AC4-6198-408E-AC81-6CEED6D8E546}.Release|Any CPU.Build.0 = Release|Any CPU
	EndGlobalSection
	GlobalSection(SolutionProperties) = preSolution
		HideSolutionNode = FALSE
	EndGlobalSection
	GlobalSection(ExtensibilityGlobals) = postSolution
		SolutionGuid = {FBB3D393-FBC0-46B5-ACE0-04DB26EC790D}
	EndGlobalSection
EndGlobal
